
Microsoft Visual Studio Solution File, Format Version 12.00
# Visual Studio 15
VisualStudioVersion = 15.0.27428.2005
MinimumVisualStudioVersion = 10.0.40219.1
Project("{FAE04EC0-301F-11D3-BF4B-00C04F79EFBC}") = "MediaWatch", "MediaWatch\MediaWatch.csproj", "{86192A76-9EF9-4F8E-AC09-EBC5EB9EED43}"
EndProject
Project("{FAE04EC0-301F-11D3-BF4B-00C04F79EFBC}") = "MediaWatch.Tests", "MediaWatch.Tests\MediaWatch.Tests.csproj", "{CDA31557-1149-45FF-8614-EC7DA184B9B8}"
EndProject
Project("{FAE04EC0-301F-11D3-BF4B-00C04F79EFBC}") = "Helpers", "..\Helpers\Helpers.csproj", "{DDA0342A-A7E7-48D7-9CB3-4B7676269740}"
EndProject
Global
	GlobalSection(SolutionConfigurationPlatforms) = preSolution
		Debug|Any CPU = Debug|Any CPU
		Debug|Mixed Platforms = Debug|Mixed Platforms
		Debug|x86 = Debug|x86
		Release|Any CPU = Release|Any CPU
		Release|Mixed Platforms = Release|Mixed Platforms
		Release|x86 = Release|x86
	EndGlobalSection
	GlobalSection(ProjectConfigurationPlatforms) = postSolution
		{86192A76-9EF9-4F8E-AC09-EBC5EB9EED43}.Debug|Any CPU.ActiveCfg = Debug|x86
		{86192A76-9EF9-4F8E-AC09-EBC5EB9EED43}.Debug|Any CPU.Build.0 = Debug|x86
		{86192A76-9EF9-4F8E-AC09-EBC5EB9EED43}.Debug|Mixed Platforms.ActiveCfg = Debug|x86
		{86192A76-9EF9-4F8E-AC09-EBC5EB9EED43}.Debug|Mixed Platforms.Build.0 = Debug|x86
		{86192A76-9EF9-4F8E-AC09-EBC5EB9EED43}.Debug|x86.ActiveCfg = Debug|x86
		{86192A76-9EF9-4F8E-AC09-EBC5EB9EED43}.Debug|x86.Build.0 = Debug|x86
		{86192A76-9EF9-4F8E-AC09-EBC5EB9EED43}.Release|Any CPU.ActiveCfg = Release|x86
		{86192A76-9EF9-4F8E-AC09-EBC5EB9EED43}.Release|Any CPU.Build.0 = Release|x86
		{86192A76-9EF9-4F8E-AC09-EBC5EB9EED43}.Release|Mixed Platforms.ActiveCfg = Release|x86
		{86192A76-9EF9-4F8E-AC09-EBC5EB9EED43}.Release|Mixed Platforms.Build.0 = Release|x86
		{86192A76-9EF9-4F8E-AC09-EBC5EB9EED43}.Release|x86.ActiveCfg = Release|x86
		{86192A76-9EF9-4F8E-AC09-EBC5EB9EED43}.Release|x86.Build.0 = Release|x86
		{CDA31557-1149-45FF-8614-EC7DA184B9B8}.Debug|Any CPU.ActiveCfg = Debug|Any CPU
		{CDA31557-1149-45FF-8614-EC7DA184B9B8}.Debug|Any CPU.Build.0 = Debug|Any CPU
		{CDA31557-1149-45FF-8614-EC7DA184B9B8}.Debug|Mixed Platforms.ActiveCfg = Debug|Any CPU
		{CDA31557-1149-45FF-8614-EC7DA184B9B8}.Debug|Mixed Platforms.Build.0 = Debug|Any CPU
		{CDA31557-1149-45FF-8614-EC7DA184B9B8}.Debug|x86.ActiveCfg = Debug|Any CPU
		{CDA31557-1149-45FF-8614-EC7DA184B9B8}.Release|Any CPU.ActiveCfg = Release|Any CPU
		{CDA31557-1149-45FF-8614-EC7DA184B9B8}.Release|Mixed Platforms.ActiveCfg = Release|Any CPU
		{CDA31557-1149-45FF-8614-EC7DA184B9B8}.Release|Mixed Platforms.Build.0 = Release|Any CPU
		{CDA31557-1149-45FF-8614-EC7DA184B9B8}.Release|x86.ActiveCfg = Release|Any CPU
		{DDA0342A-A7E7-48D7-9CB3-4B7676269740}.Debug|Any CPU.ActiveCfg = Debug|Any CPU
		{DDA0342A-A7E7-48D7-9CB3-4B7676269740}.Debug|Any CPU.Build.0 = Debug|Any CPU
		{DDA0342A-A7E7-48D7-9CB3-4B7676269740}.Debug|Mixed Platforms.ActiveCfg = Debug|Any CPU
		{DDA0342A-A7E7-48D7-9CB3-4B7676269740}.Debug|Mixed Platforms.Build.0 = Debug|Any CPU
		{DDA0342A-A7E7-48D7-9CB3-4B7676269740}.Debug|x86.ActiveCfg = Debug|Any CPU
		{DDA0342A-A7E7-48D7-9CB3-4B7676269740}.Debug|x86.Build.0 = Debug|Any CPU
		{DDA0342A-A7E7-48D7-9CB3-4B7676269740}.Release|Any CPU.ActiveCfg = Release|Any CPU
		{DDA0342A-A7E7-48D7-9CB3-4B7676269740}.Release|Any CPU.Build.0 = Release|Any CPU
		{DDA0342A-A7E7-48D7-9CB3-4B7676269740}.Release|Mixed Platforms.ActiveCfg = Release|Any CPU
		{DDA0342A-A7E7-48D7-9CB3-4B7676269740}.Release|Mixed Platforms.Build.0 = Release|Any CPU
		{DDA0342A-A7E7-48D7-9CB3-4B7676269740}.Release|x86.ActiveCfg = Release|Any CPU
		{DDA0342A-A7E7-48D7-9CB3-4B7676269740}.Release|x86.Build.0 = Release|Any CPU
	EndGlobalSection
	GlobalSection(SolutionProperties) = preSolution
		HideSolutionNode = FALSE
	EndGlobalSection
	GlobalSection(ExtensibilityGlobals) = postSolution
		SolutionGuid = {0F5A0D98-35D5-404E-AB32-9996DF38746E}
	EndGlobalSection
EndGlobal
